
Microsoft Visual Studio Solution File, Format Version 12.00
# Visual Studio Version 17
VisualStudioVersion = 17.10.34916.146
MinimumVisualStudioVersion = 10.0.40219.1
Project("{9A19103F-16F7-4668-BE54-9A1E7A4F7556}") = "001. Basic Stack Operations", "001. Basic Stack Operations\001. Basic Stack Operations.csproj", "{97D62983-8D1D-4FB9-96D1-9091AA3B3A57}"
EndProject
Project("{9A19103F-16F7-4668-BE54-9A1E7A4F7556}") = "002. Basic Queue Operations", "002. BasicQueueOperations\002. Basic Queue Operations.csproj", "{91BA7ED7-B554-4474-85E1-B4EA3339EE5D}"
EndProject
Project("{9A19103F-16F7-4668-BE54-9A1E7A4F7556}") = "003. Maximum and Minimum Element", "003. Maximum and Minimum Element\003. Maximum and Minimum Element.csproj", "{B5BBD7DA-4001-4CB6-8095-2C415DDFBDF8}"
EndProject
Project("{9A19103F-16F7-4668-BE54-9A1E7A4F7556}") = "004. Fast Food", "004. Fast Food\004. Fast Food.csproj", "{541088C6-3B2A-482C-9612-05D8B60AA029}"
EndProject
Project("{9A19103F-16F7-4668-BE54-9A1E7A4F7556}") = "005. Fashion Boutique", "005. Fashion Boutique\005. Fashion Boutique.csproj", "{3EF6EE65-EB56-4B97-A910-8B104B090E7D}"
EndProject
Project("{9A19103F-16F7-4668-BE54-9A1E7A4F7556}") = "006. Songs Queue", "006. Songs Queue\006. Songs Queue.csproj", "{BC090636-0229-4CD6-B672-DBF1DF463DBE}"
EndProject
Project("{9A19103F-16F7-4668-BE54-9A1E7A4F7556}") = "007. Truck Tour", "007. Truck Tour\007. Truck Tour.csproj", "{C82F0A31-4082-409B-B076-76D56E48D2EC}"
EndProject
Project("{9A19103F-16F7-4668-BE54-9A1E7A4F7556}") = "008. Balanced Parentheses", "008. Balanced Parentheses\008. Balanced Parentheses.csproj", "{5A46F670-E377-429D-93A1-16C3481D048B}"
EndProject
Project("{9A19103F-16F7-4668-BE54-9A1E7A4F7556}") = "009. SimpleTextEditor", "009. SimpleTextEditor\009. SimpleTextEditor.csproj", "{2455BD5E-8B70-4662-B12C-B95C3896EF37}"
EndProject
Project("{9A19103F-16F7-4668-BE54-9A1E7A4F7556}") = "010. Crossroads", "010. Crossroads\010. Crossroads.csproj", "{B48C5681-F611-4AD1-8B5F-BF8A42A9A6AC}"
EndProject
Project("{9A19103F-16F7-4668-BE54-9A1E7A4F7556}") = "011. Key Revolver", "011. Key Revolver\011. Key Revolver.csproj", "{53AAF801-5B06-481B-B31D-0636F41D2744}"
EndProject
Project("{9A19103F-16F7-4668-BE54-9A1E7A4F7556}") = "012. Cups and Bottles", "012. Cups and Bottles\012. Cups and Bottles.csproj", "{A97A743A-06E3-447B-8C00-DA306439989F}"
EndProject
Project("{9A19103F-16F7-4668-BE54-9A1E7A4F7556}") = "013. StacksAndQueuesLabExcercises", "013. StacksAndQueuesLabExcercises\013. StacksAndQueuesLabExcercises.csproj", "{617708A0-A599-45E7-9F96-B3A26A41F213}"
EndProject
Project("{9A19103F-16F7-4668-BE54-9A1E7A4F7556}") = "014. Diagonal Difference", "014. Diagonal Difference\014. Diagonal Difference.csproj", "{6C004D31-BAB7-4EC1-98B0-D569A06CA41D}"
EndProject
Project("{9A19103F-16F7-4668-BE54-9A1E7A4F7556}") = "015.  Squares in Matrix", "015.  Squares in Matrix\015.  Squares in Matrix.csproj", "{295F71D1-C302-405A-A974-443FA72076B1}"
EndProject
Project("{9A19103F-16F7-4668-BE54-9A1E7A4F7556}") = "016.  Maximal Sum", "016.  Maximal Sum\016.  Maximal Sum.csproj", "{E320160C-FE50-48EF-A261-31A59F431055}"
EndProject
Project("{9A19103F-16F7-4668-BE54-9A1E7A4F7556}") = "017. Matrix Shuffling", "017. Matrix Shuffling\017. Matrix Shuffling.csproj", "{A5A12103-590A-4E3E-A31A-DB2794F12668}"
EndProject
Project("{9A19103F-16F7-4668-BE54-9A1E7A4F7556}") = "018. Snake Moves", "018. Snake Moves\018. Snake Moves.csproj", "{F7FA92EE-06DB-483C-87BD-101D79E68310}"
EndProject
Project("{9A19103F-16F7-4668-BE54-9A1E7A4F7556}") = "019.  Jagged Array Manipulator", "019.  Jagged Array Manipulator\019.  Jagged Array Manipulator.csproj", "{289DBB6A-7867-46E8-8A30-78717BEA494D}"
EndProject
Project("{FAE04EC0-301F-11D3-BF4B-00C04F79EFBC}") = "020. Knight Game", "020. Knight Game\020. Knight Game.csproj", "{BF4CE936-DE24-4B84-B9E0-1ACA149FAA1B}"
EndProject
Global
	GlobalSection(SolutionConfigurationPlatforms) = preSolution
		Debug|Any CPU = Debug|Any CPU
		Release|Any CPU = Release|Any CPU
	EndGlobalSection
	GlobalSection(ProjectConfigurationPlatforms) = postSolution
		{97D62983-8D1D-4FB9-96D1-9091AA3B3A57}.Debug|Any CPU.ActiveCfg = Debug|Any CPU
		{97D62983-8D1D-4FB9-96D1-9091AA3B3A57}.Debug|Any CPU.Build.0 = Debug|Any CPU
		{97D62983-8D1D-4FB9-96D1-9091AA3B3A57}.Release|Any CPU.ActiveCfg = Release|Any CPU
		{97D62983-8D1D-4FB9-96D1-9091AA3B3A57}.Release|Any CPU.Build.0 = Release|Any CPU
		{91BA7ED7-B554-4474-85E1-B4EA3339EE5D}.Debug|Any CPU.ActiveCfg = Debug|Any CPU
		{91BA7ED7-B554-4474-85E1-B4EA3339EE5D}.Debug|Any CPU.Build.0 = Debug|Any CPU
		{91BA7ED7-B554-4474-85E1-B4EA3339EE5D}.Release|Any CPU.ActiveCfg = Release|Any CPU
		{91BA7ED7-B554-4474-85E1-B4EA3339EE5D}.Release|Any CPU.Build.0 = Release|Any CPU
		{B5BBD7DA-4001-4CB6-8095-2C415DDFBDF8}.Debug|Any CPU.ActiveCfg = Debug|Any CPU
		{B5BBD7DA-4001-4CB6-8095-2C415DDFBDF8}.Debug|Any CPU.Build.0 = Debug|Any CPU
		{B5BBD7DA-4001-4CB6-8095-2C415DDFBDF8}.Release|Any CPU.ActiveCfg = Release|Any CPU
		{B5BBD7DA-4001-4CB6-8095-2C415DDFBDF8}.Release|Any CPU.Build.0 = Release|Any CPU
		{541088C6-3B2A-482C-9612-05D8B60AA029}.Debug|Any CPU.ActiveCfg = Debug|Any CPU
		{541088C6-3B2A-482C-9612-05D8B60AA029}.Debug|Any CPU.Build.0 = Debug|Any CPU
		{541088C6-3B2A-482C-9612-05D8B60AA029}.Release|Any CPU.ActiveCfg = Release|Any CPU
		{541088C6-3B2A-482C-9612-05D8B60AA029}.Release|Any CPU.Build.0 = Release|Any CPU
		{3EF6EE65-EB56-4B97-A910-8B104B090E7D}.Debug|Any CPU.ActiveCfg = Debug|Any CPU
		{3EF6EE65-EB56-4B97-A910-8B104B090E7D}.Debug|Any CPU.Build.0 = Debug|Any CPU
		{3EF6EE65-EB56-4B97-A910-8B104B090E7D}.Release|Any CPU.ActiveCfg = Release|Any CPU
		{3EF6EE65-EB56-4B97-A910-8B104B090E7D}.Release|Any CPU.Build.0 = Release|Any CPU
		{BC090636-0229-4CD6-B672-DBF1DF463DBE}.Debug|Any CPU.ActiveCfg = Debug|Any CPU
		{BC090636-0229-4CD6-B672-DBF1DF463DBE}.Debug|Any CPU.Build.0 = Debug|Any CPU
		{BC090636-0229-4CD6-B672-DBF1DF463DBE}.Release|Any CPU.ActiveCfg = Release|Any CPU
		{BC090636-0229-4CD6-B672-DBF1DF463DBE}.Release|Any CPU.Build.0 = Release|Any CPU
		{C82F0A31-4082-409B-B076-76D56E48D2EC}.Debug|Any CPU.ActiveCfg = Debug|Any CPU
		{C82F0A31-4082-409B-B076-76D56E48D2EC}.Debug|Any CPU.Build.0 = Debug|Any CPU
		{C82F0A31-4082-409B-B076-76D56E48D2EC}.Release|Any CPU.ActiveCfg = Release|Any CPU
		{C82F0A31-4082-409B-B076-76D56E48D2EC}.Release|Any CPU.Build.0 = Release|Any CPU
		{5A46F670-E377-429D-93A1-16C3481D048B}.Debug|Any CPU.ActiveCfg = Debug|Any CPU
		{5A46F670-E377-429D-93A1-16C3481D048B}.Debug|Any CPU.Build.0 = Debug|Any CPU
		{5A46F670-E377-429D-93A1-16C3481D048B}.Release|Any CPU.ActiveCfg = Release|Any CPU
		{5A46F670-E377-429D-93A1-16C3481D048B}.Release|Any CPU.Build.0 = Release|Any CPU
		{2455BD5E-8B70-4662-B12C-B95C3896EF37}.Debug|Any CPU.ActiveCfg = Debug|Any CPU
		{2455BD5E-8B70-4662-B12C-B95C3896EF37}.Debug|Any CPU.Build.0 = Debug|Any CPU
		{2455BD5E-8B70-4662-B12C-B95C3896EF37}.Release|Any CPU.ActiveCfg = Release|Any CPU
		{2455BD5E-8B70-4662-B12C-B95C3896EF37}.Release|Any CPU.Build.0 = Release|Any CPU
		{B48C5681-F611-4AD1-8B5F-BF8A42A9A6AC}.Debug|Any CPU.ActiveCfg = Debug|Any CPU
		{B48C5681-F611-4AD1-8B5F-BF8A42A9A6AC}.Debug|Any CPU.Build.0 = Debug|Any CPU
		{B48C5681-F611-4AD1-8B5F-BF8A42A9A6AC}.Release|Any CPU.ActiveCfg = Release|Any CPU
		{B48C5681-F611-4AD1-8B5F-BF8A42A9A6AC}.Release|Any CPU.Build.0 = Release|Any CPU
		{53AAF801-5B06-481B-B31D-0636F41D2744}.Debug|Any CPU.ActiveCfg = Debug|Any CPU
		{53AAF801-5B06-481B-B31D-0636F41D2744}.Debug|Any CPU.Build.0 = Debug|Any CPU
		{53AAF801-5B06-481B-B31D-0636F41D2744}.Release|Any CPU.ActiveCfg = Release|Any CPU
		{53AAF801-5B06-481B-B31D-0636F41D2744}.Release|Any CPU.Build.0 = Release|Any CPU
		{A97A743A-06E3-447B-8C00-DA306439989F}.Debug|Any CPU.ActiveCfg = Debug|Any CPU
		{A97A743A-06E3-447B-8C00-DA306439989F}.Debug|Any CPU.Build.0 = Debug|Any CPU
		{A97A743A-06E3-447B-8C00-DA306439989F}.Release|Any CPU.ActiveCfg = Release|Any CPU
		{A97A743A-06E3-447B-8C00-DA306439989F}.Release|Any CPU.Build.0 = Release|Any CPU
		{617708A0-A599-45E7-9F96-B3A26A41F213}.Debug|Any CPU.ActiveCfg = Debug|Any CPU
		{617708A0-A599-45E7-9F96-B3A26A41F213}.Debug|Any CPU.Build.0 = Debug|Any CPU
		{617708A0-A599-45E7-9F96-B3A26A41F213}.Release|Any CPU.ActiveCfg = Release|Any CPU
		{617708A0-A599-45E7-9F96-B3A26A41F213}.Release|Any CPU.Build.0 = Release|Any CPU
		{6C004D31-BAB7-4EC1-98B0-D569A06CA41D}.Debug|Any CPU.ActiveCfg = Debug|Any CPU
		{6C004D31-BAB7-4EC1-98B0-D569A06CA41D}.Debug|Any CPU.Build.0 = Debug|Any CPU
		{6C004D31-BAB7-4EC1-98B0-D569A06CA41D}.Release|Any CPU.ActiveCfg = Release|Any CPU
		{6C004D31-BAB7-4EC1-98B0-D569A06CA41D}.Release|Any CPU.Build.0 = Release|Any CPU
		{295F71D1-C302-405A-A974-443FA72076B1}.Debug|Any CPU.ActiveCfg = Debug|Any CPU
		{295F71D1-C302-405A-A974-443FA72076B1}.Debug|Any CPU.Build.0 = Debug|Any CPU
		{295F71D1-C302-405A-A974-443FA72076B1}.Release|Any CPU.ActiveCfg = Release|Any CPU
		{295F71D1-C302-405A-A974-443FA72076B1}.Release|Any CPU.Build.0 = Release|Any CPU
		{E320160C-FE50-48EF-A261-31A59F431055}.Debug|Any CPU.ActiveCfg = Debug|Any CPU
		{E320160C-FE50-48EF-A261-31A59F431055}.Debug|Any CPU.Build.0 = Debug|Any CPU
		{E320160C-FE50-48EF-A261-31A59F431055}.Release|Any CPU.ActiveCfg = Release|Any CPU
		{E320160C-FE50-48EF-A261-31A59F431055}.Release|Any CPU.Build.0 = Release|Any CPU
		{A5A12103-590A-4E3E-A31A-DB2794F12668}.Debug|Any CPU.ActiveCfg = Debug|Any CPU
		{A5A12103-590A-4E3E-A31A-DB2794F12668}.Debug|Any CPU.Build.0 = Debug|Any CPU
		{A5A12103-590A-4E3E-A31A-DB2794F12668}.Release|Any CPU.ActiveCfg = Release|Any CPU
		{A5A12103-590A-4E3E-A31A-DB2794F12668}.Release|Any CPU.Build.0 = Release|Any CPU
		{F7FA92EE-06DB-483C-87BD-101D79E68310}.Debug|Any CPU.ActiveCfg = Debug|Any CPU
		{F7FA92EE-06DB-483C-87BD-101D79E68310}.Debug|Any CPU.Build.0 = Debug|Any CPU
		{F7FA92EE-06DB-483C-87BD-101D79E68310}.Release|Any CPU.ActiveCfg = Release|Any CPU
		{F7FA92EE-06DB-483C-87BD-101D79E68310}.Release|Any CPU.Build.0 = Release|Any CPU
		{289DBB6A-7867-46E8-8A30-78717BEA494D}.Debug|Any CPU.ActiveCfg = Debug|Any CPU
		{289DBB6A-7867-46E8-8A30-78717BEA494D}.Debug|Any CPU.Build.0 = Debug|Any CPU
		{289DBB6A-7867-46E8-8A30-78717BEA494D}.Release|Any CPU.ActiveCfg = Release|Any CPU
		{289DBB6A-7867-46E8-8A30-78717BEA494D}.Release|Any CPU.Build.0 = Release|Any CPU
		{BF4CE936-DE24-4B84-B9E0-1ACA149FAA1B}.Debug|Any CPU.ActiveCfg = Debug|Any CPU
		{BF4CE936-DE24-4B84-B9E0-1ACA149FAA1B}.Debug|Any CPU.Build.0 = Debug|Any CPU
		{BF4CE936-DE24-4B84-B9E0-1ACA149FAA1B}.Release|Any CPU.ActiveCfg = Release|Any CPU
		{BF4CE936-DE24-4B84-B9E0-1ACA149FAA1B}.Release|Any CPU.Build.0 = Release|Any CPU
	EndGlobalSection
	GlobalSection(SolutionProperties) = preSolution
		HideSolutionNode = FALSE
	EndGlobalSection
	GlobalSection(ExtensibilityGlobals) = postSolution
		SolutionGuid = {DDF7731D-6EC1-4500-9C54-05EC8A7EA831}
	EndGlobalSection
EndGlobal
