
Microsoft Visual Studio Solution File, Format Version 12.00
# Visual Studio Version 17
VisualStudioVersion = 17.10.34916.146
MinimumVisualStudioVersion = 10.0.40219.1
Project("{9A19103F-16F7-4668-BE54-9A1E7A4F7556}") = "001. Basic Stack Operations", "001. Basic Stack Operations\001. Basic Stack Operations.csproj", "{97D62983-8D1D-4FB9-96D1-9091AA3B3A57}"
EndProject
Project("{9A19103F-16F7-4668-BE54-9A1E7A4F7556}") = "002. Basic Queue Operations", "002. BasicQueueOperations\002. Basic Queue Operations.csproj", "{91BA7ED7-B554-4474-85E1-B4EA3339EE5D}"
EndProject
Project("{9A19103F-16F7-4668-BE54-9A1E7A4F7556}") = "003. Maximum and Minimum Element", "003. Maximum and Minimum Element\003. Maximum and Minimum Element.csproj", "{B5BBD7DA-4001-4CB6-8095-2C415DDFBDF8}"
EndProject
Project("{9A19103F-16F7-4668-BE54-9A1E7A4F7556}") = "004. Fast Food", "004. Fast Food\004. Fast Food.csproj", "{541088C6-3B2A-482C-9612-05D8B60AA029}"
EndProject
Project("{9A19103F-16F7-4668-BE54-9A1E7A4F7556}") = "005. Fashion Boutique", "005. Fashion Boutique\005. Fashion Boutique.csproj", "{3EF6EE65-EB56-4B97-A910-8B104B090E7D}"
EndProject
Project("{9A19103F-16F7-4668-BE54-9A1E7A4F7556}") = "006. Songs Queue", "006. Songs Queue\006. Songs Queue.csproj", "{BC090636-0229-4CD6-B672-DBF1DF463DBE}"
EndProject
Project("{9A19103F-16F7-4668-BE54-9A1E7A4F7556}") = "007. Truck Tour", "007. Truck Tour\007. Truck Tour.csproj", "{C82F0A31-4082-409B-B076-76D56E48D2EC}"
EndProject
Project("{9A19103F-16F7-4668-BE54-9A1E7A4F7556}") = "008. Balanced Parentheses", "008. Balanced Parentheses\008. Balanced Parentheses.csproj", "{5A46F670-E377-429D-93A1-16C3481D048B}"
EndProject
Project("{9A19103F-16F7-4668-BE54-9A1E7A4F7556}") = "009. SimpleTextEditor", "009. SimpleTextEditor\009. SimpleTextEditor.csproj", "{2455BD5E-8B70-4662-B12C-B95C3896EF37}"
EndProject
Project("{9A19103F-16F7-4668-BE54-9A1E7A4F7556}") = "010. Crossroads", "010. Crossroads\010. Crossroads.csproj", "{B48C5681-F611-4AD1-8B5F-BF8A42A9A6AC}"
EndProject
Project("{9A19103F-16F7-4668-BE54-9A1E7A4F7556}") = "011. Key Revolver", "011. Key Revolver\011. Key Revolver.csproj", "{53AAF801-5B06-481B-B31D-0636F41D2744}"
EndProject
Project("{9A19103F-16F7-4668-BE54-9A1E7A4F7556}") = "012. Cups and Bottles", "012. Cups and Bottles\012. Cups and Bottles.csproj", "{A97A743A-06E3-447B-8C00-DA306439989F}"
EndProject
Project("{9A19103F-16F7-4668-BE54-9A1E7A4F7556}") = "013. StacksAndQueuesLabExcercises", "013. StacksAndQueuesLabExcercises\013. StacksAndQueuesLabExcercises.csproj", "{617708A0-A599-45E7-9F96-B3A26A41F213}"
EndProject
Project("{9A19103F-16F7-4668-BE54-9A1E7A4F7556}") = "014. Diagonal Difference", "014. Diagonal Difference\014. Diagonal Difference.csproj", "{6C004D31-BAB7-4EC1-98B0-D569A06CA41D}"
EndProject
Project("{9A19103F-16F7-4668-BE54-9A1E7A4F7556}") = "015.  Squares in Matrix", "015.  Squares in Matrix\015.  Squares in Matrix.csproj", "{295F71D1-C302-405A-A974-443FA72076B1}"
EndProject
Project("{9A19103F-16F7-4668-BE54-9A1E7A4F7556}") = "016.  Maximal Sum", "016.  Maximal Sum\016.  Maximal Sum.csproj", "{E320160C-FE50-48EF-A261-31A59F431055}"
EndProject
Project("{9A19103F-16F7-4668-BE54-9A1E7A4F7556}") = "017. Matrix Shuffling", "017. Matrix Shuffling\017. Matrix Shuffling.csproj", "{A5A12103-590A-4E3E-A31A-DB2794F12668}"
EndProject
Project("{9A19103F-16F7-4668-BE54-9A1E7A4F7556}") = "018. Snake Moves", "018. Snake Moves\018. Snake Moves.csproj", "{F7FA92EE-06DB-483C-87BD-101D79E68310}"
EndProject
Project("{9A19103F-16F7-4668-BE54-9A1E7A4F7556}") = "019.  Jagged Array Manipulator", "019.  Jagged Array Manipulator\019.  Jagged Array Manipulator.csproj", "{289DBB6A-7867-46E8-8A30-78717BEA494D}"
EndProject
Project("{9A19103F-16F7-4668-BE54-9A1E7A4F7556}") = "020. Knight Game", "020. Knight Game\020. Knight Game.csproj", "{BF4CE936-DE24-4B84-B9E0-1ACA149FAA1B}"
EndProject
Project("{9A19103F-16F7-4668-BE54-9A1E7A4F7556}") = "021. Bombs", "021. Bombs\021. Bombs.csproj", "{2B84FBE1-4AC5-4F1E-B7EB-7A1D3398A722}"
EndProject
Project("{9A19103F-16F7-4668-BE54-9A1E7A4F7556}") = "022. Miner", "022. Miner\022. Miner.csproj", "{0CDBB5B8-DC4F-4B8F-8FF1-6CB65A069CDC}"
EndProject
Project("{9A19103F-16F7-4668-BE54-9A1E7A4F7556}") = "023. Radioactive Mutant Vampire Bunnies", "023. Radioactive Mutant Vampire Bunnies\023. Radioactive Mutant Vampire Bunnies.csproj", "{1069861A-F097-4F35-BB78-0E21EE8413B6}"
EndProject
Project("{9A19103F-16F7-4668-BE54-9A1E7A4F7556}") = "911. Wild Survival", "911. Wild Survival\911. Wild Survival.csproj", "{E901B477-2468-4258-9AFE-7C97EB2C77FA}"
EndProject
Project("{9A19103F-16F7-4668-BE54-9A1E7A4F7556}") = "912. Collecting Stars Game", "912. Collecting Stars Game\912. Collecting Stars Game.csproj", "{C2D48EE4-59FA-4B03-A79C-539B615B50C5}"
EndProject
Project("{9A19103F-16F7-4668-BE54-9A1E7A4F7556}") = "913. Cocktail Bar", "913. Cocktail Bar\913. Cocktail Bar.csproj", "{E6DEBA72-4B38-404B-A300-C49B859BC594}"
EndProject
Project("{9A19103F-16F7-4668-BE54-9A1E7A4F7556}") = "023. Sum Matrix Elements", "023. Sum Matrix Elements\023. Sum Matrix Elements.csproj", "{C6383914-EC69-415A-B921-561975805090}"
EndProject
Project("{9A19103F-16F7-4668-BE54-9A1E7A4F7556}") = "024. Sum Matrix Columns", "024. Sum Matrix Columns\024. Sum Matrix Columns.csproj", "{6B3C8890-6004-4411-8276-1D5582FB0761}"
EndProject
Project("{9A19103F-16F7-4668-BE54-9A1E7A4F7556}") = "025. Primary Diagonal", "025. Primary Diagonal\025. Primary Diagonal.csproj", "{24940C38-AFF1-4829-A144-992F13AB0EB5}"
EndProject
Project("{9A19103F-16F7-4668-BE54-9A1E7A4F7556}") = "026. Symbol in Matrix", "026. Primary Diagonal\026. Symbol in Matrix.csproj", "{E2D2A81B-43DA-4CC2-AF00-3BA9329D6EE0}"
EndProject
Project("{9A19103F-16F7-4668-BE54-9A1E7A4F7556}") = "027. Square with Maximum Sum", "027. Square with Maximum Sum\027. Square with Maximum Sum.csproj", "{E77F47F3-5A18-435D-BD10-BDAF12F3F735}"
EndProject
Project("{9A19103F-16F7-4668-BE54-9A1E7A4F7556}") = "028. Jagged-Array Modification", "028. Jagged-Array Modification\028. Jagged-Array Modification.csproj", "{74062EF2-59E4-4D22-A09F-DD6BF5DD2D86}"
EndProject
Project("{9A19103F-16F7-4668-BE54-9A1E7A4F7556}") = "029. Pascal Triangle", "029. Pascal Triangle\029. Pascal Triangle.csproj", "{3B646D6F-36E6-4CC7-9CC0-A315F56F7473}"
EndProject
Project("{9A19103F-16F7-4668-BE54-9A1E7A4F7556}") = "030. Unique Usernames", "030. Unique Usernames\030. Unique Usernames.csproj", "{1385903F-8D3C-4B01-8913-3B2E8C2EAAB9}"
EndProject
Project("{9A19103F-16F7-4668-BE54-9A1E7A4F7556}") = "031. Sets of Elements", "031. Unique Usernames\031. Sets of Elements.csproj", "{38A25FB3-D0AB-4D9E-9038-D52273DE4FBF}"
EndProject
Project("{9A19103F-16F7-4668-BE54-9A1E7A4F7556}") = "032. Periodic Table", "032. Periodic Table\032. Periodic Table.csproj", "{7CC8998C-09EB-414F-B1E0-1E365393E4A4}"
EndProject
Project("{9A19103F-16F7-4668-BE54-9A1E7A4F7556}") = "033. Event Times", "033. Event Times\033. Event Times.csproj", "{074E47E5-FFB8-4F66-8211-507D6634E1E1}"
EndProject
Project("{9A19103F-16F7-4668-BE54-9A1E7A4F7556}") = "034. Count Symbols", "034. Count Symbols\034. Count Symbols.csproj", "{60B6A611-DB08-4DB3-AE8A-ED842D94B47A}"
EndProject
Project("{9A19103F-16F7-4668-BE54-9A1E7A4F7556}") = "035. Wardrobe", "035. Wardrobe\035. Wardrobe.csproj", "{3DE9AC2B-4050-46F5-AB19-388B73485A39}"
EndProject
Project("{9A19103F-16F7-4668-BE54-9A1E7A4F7556}") = "036. The V-Logger", "036. The V-Logger\036. The V-Logger.csproj", "{0AB9DF3A-BD14-41DA-91F6-2546EAAC3A4A}"
EndProject
Project("{9A19103F-16F7-4668-BE54-9A1E7A4F7556}") = "921.  Rapid Courier", "921.  Rapid Courier\921.  Rapid Courier.csproj", "{2E11C890-F22F-40F6-9B21-A47DFF9B44CF}"
EndProject
Project("{9A19103F-16F7-4668-BE54-9A1E7A4F7556}") = "922.  Beesy", "922.  Rapid Courier\922.  Beesy.csproj", "{A2C46278-C89C-4EF1-A839-CD261E0591F1}"
EndProject
Project("{9A19103F-16F7-4668-BE54-9A1E7A4F7556}") = "923. Estate Agency", "923. Estate Agency\923. Estate Agency.csproj", "{4A8449BF-089A-42A3-880F-B2E59D392971}"
EndProject
Project("{9A19103F-16F7-4668-BE54-9A1E7A4F7556}") = "037. Ranking", "037. Ranking\037. Ranking.csproj", "{3EC982AA-28F8-4026-B8AF-C36AD28EDFAF}"
EndProject
Project("{9A19103F-16F7-4668-BE54-9A1E7A4F7556}") = "038. SoftUnit Exam Results", "038. SoftUnit Exam Results\038. SoftUnit Exam Results.csproj", "{704713BE-9839-459D-A1B5-64692501D611}"
EndProject
Project("{9A19103F-16F7-4668-BE54-9A1E7A4F7556}") = "039. ForceBook", "039. ForceBook\039. ForceBook.csproj", "{DE446EBD-720D-4EE3-8880-69222700AA0F}"
EndProject
Project("{9A19103F-16F7-4668-BE54-9A1E7A4F7556}") = "931. Chicken Snack", "931. Chicken Snack\931. Chicken Snack.csproj", "{43863479-BF80-430A-8953-38A4A37DCE73}"
EndProject
Project("{9A19103F-16F7-4668-BE54-9A1E7A4F7556}") = "932. Clear Skies", "932. Clear Skies\932. Clear Skies.csproj", "{5AC90930-6236-4EA6-A547-9F0C50EF0496}"
EndProject
Project("{9A19103F-16F7-4668-BE54-9A1E7A4F7556}") = "933. Shark Taxonomy", "933. Shark Taxonomy\933. Shark Taxonomy.csproj", "{7122B50C-9B96-4C27-8B83-44B36ED05FDA}"
EndProject
Project("{9A19103F-16F7-4668-BE54-9A1E7A4F7556}") = "040. DictionariesAndHashSetsLabExcercises", "040. DictionariesAndHashSetsLabExcercises\040. DictionariesAndHashSetsLabExcercises.csproj", "{654CFF42-F319-4848-AC98-9E2ABD6F6FBB}"
EndProject
Project("{9A19103F-16F7-4668-BE54-9A1E7A4F7556}") = "999. SandBox", "999. SandBox\999. SandBox.csproj", "{236AB056-1215-482B-80DC-9EB415FF0164}"
EndProject
Project("{9A19103F-16F7-4668-BE54-9A1E7A4F7556}") = "041. EvenLines", "041. EvenLines\041. EvenLines.csproj", "{4776A466-9C20-4FFA-815A-81A4D9FC0AF6}"
EndProject
Project("{9A19103F-16F7-4668-BE54-9A1E7A4F7556}") = "042. Line Numbers", "042. Line Numbers\042. Line Numbers.csproj", "{AB4D57B7-0AD6-4773-96D6-12E275C32468}"
EndProject
Project("{9A19103F-16F7-4668-BE54-9A1E7A4F7556}") = "043.  Copy Binary File", "43.  Copy Binary File\043.  Copy Binary File.csproj", "{138FBB44-6BC7-4AF9-B8D6-0FBEB791980D}"
EndProject
Project("{9A19103F-16F7-4668-BE54-9A1E7A4F7556}") = "044. Directory Traversal", "44. Directory Traversal\044. Directory Traversal.csproj", "{4BC7323A-DF43-436A-9BA9-A44469119D0B}"
EndProject
Project("{9A19103F-16F7-4668-BE54-9A1E7A4F7556}") = "045. Copy Directory", "45. Copy Directory\045. Copy Directory.csproj", "{705D0BAD-210C-4E89-9727-BCC1DF73E543}"
EndProject
Project("{9A19103F-16F7-4668-BE54-9A1E7A4F7556}") = "046. Zip and Extracts", "46. Zip and Extracts\046. Zip and Extracts.csproj", "{A98AE153-9582-4B86-9700-FB357091E9F9}"
EndProject
Project("{9A19103F-16F7-4668-BE54-9A1E7A4F7556}") = "047. Action Print", "047. Action Print\047. Action Print.csproj", "{9F61B2A2-AD2B-4225-A4CD-080FCABB7F65}"
EndProject
Project("{9A19103F-16F7-4668-BE54-9A1E7A4F7556}") = "047. Knights of Honor", "047. Knights of Honor\047. Knights of Honor.csproj", "{F720E3FF-0104-474A-BAB9-7D2116571BFF}"
EndProject
Project("{9A19103F-16F7-4668-BE54-9A1E7A4F7556}") = "048. Custom Min Function", "048. Custom Min Function\048. Custom Min Function.csproj", "{9FB1029A-7DE0-4A6E-A051-4E8BDA13ED25}"
EndProject
Project("{9A19103F-16F7-4668-BE54-9A1E7A4F7556}") = "049. Find Evens of Odds", "049. Find Evens of Odds\049. Find Evens of Odds.csproj", "{8BA1B9EC-0C6A-4C4B-B87E-089287C626CF}"
EndProject
Project("{9A19103F-16F7-4668-BE54-9A1E7A4F7556}") = "050. Applied Arithmetics", "050. Applied Arithmetics\050. Applied Arithmetics.csproj", "{EDFA7EB2-8EAB-469B-9AAB-CE1E802D6F50}"
EndProject
Project("{9A19103F-16F7-4668-BE54-9A1E7A4F7556}") = "051. Reverse and Exclude", "051. Reverse and Exclude\051. Reverse and Exclude.csproj", "{A8471127-FD88-4FED-9849-82626F3E040A}"
EndProject
Project("{9A19103F-16F7-4668-BE54-9A1E7A4F7556}") = "052. Predicate for Names", "052. Predicate for Names\052. Predicate for Names.csproj", "{9F7C043F-064B-4ED7-A307-ED8BF0B34643}"
EndProject
Project("{9A19103F-16F7-4668-BE54-9A1E7A4F7556}") = "053. List of Predicates", "053. List of Predicates\053. List of Predicates.csproj", "{8039B8EB-45CF-4C88-A20E-67818311330A}"
EndProject
Project("{9A19103F-16F7-4668-BE54-9A1E7A4F7556}") = "054. Predicate Party", "054. Predicate Party\054. Predicate Party.csproj", "{CD4ADE6A-E3F6-4F07-9CF8-DA4ECB6F86E1}"
EndProject
Project("{9A19103F-16F7-4668-BE54-9A1E7A4F7556}") = "055. Party Reservation Filter Module", "055. Party Reservation Filter Module\055. Party Reservation Filter Module.csproj", "{A46DB764-42BC-46A5-B9E2-D1218CFD0DCC}"
EndProject
Project("{9A19103F-16F7-4668-BE54-9A1E7A4F7556}") = "056. TriFunction", "056. TriFunction\056. TriFunction.csproj", "{F21D88AF-36A1-4A23-AF83-35C05CEF21B6}"
EndProject
Project("{FAE04EC0-301F-11D3-BF4B-00C04F79EFBC}") = "057. SoftUniExamResults", "057. SoftUniExamResults\057. SoftUniExamResults.csproj", "{E17667F9-65AB-46D8-9CE9-ECC67B58A554}"
EndProject
Project("{FAE04EC0-301F-11D3-BF4B-00C04F79EFBC}") = "058. ForceBook", "058. ForceBook\058. ForceBook.csproj", "{8E187C5B-8C3D-4802-8B33-14EB6499C035}"
EndProject
Global
	GlobalSection(SolutionConfigurationPlatforms) = preSolution
		Debug|Any CPU = Debug|Any CPU
		Release|Any CPU = Release|Any CPU
	EndGlobalSection
	GlobalSection(ProjectConfigurationPlatforms) = postSolution
		{97D62983-8D1D-4FB9-96D1-9091AA3B3A57}.Debug|Any CPU.ActiveCfg = Debug|Any CPU
		{97D62983-8D1D-4FB9-96D1-9091AA3B3A57}.Debug|Any CPU.Build.0 = Debug|Any CPU
		{97D62983-8D1D-4FB9-96D1-9091AA3B3A57}.Release|Any CPU.ActiveCfg = Release|Any CPU
		{97D62983-8D1D-4FB9-96D1-9091AA3B3A57}.Release|Any CPU.Build.0 = Release|Any CPU
		{91BA7ED7-B554-4474-85E1-B4EA3339EE5D}.Debug|Any CPU.ActiveCfg = Debug|Any CPU
		{91BA7ED7-B554-4474-85E1-B4EA3339EE5D}.Debug|Any CPU.Build.0 = Debug|Any CPU
		{91BA7ED7-B554-4474-85E1-B4EA3339EE5D}.Release|Any CPU.ActiveCfg = Release|Any CPU
		{91BA7ED7-B554-4474-85E1-B4EA3339EE5D}.Release|Any CPU.Build.0 = Release|Any CPU
		{B5BBD7DA-4001-4CB6-8095-2C415DDFBDF8}.Debug|Any CPU.ActiveCfg = Debug|Any CPU
		{B5BBD7DA-4001-4CB6-8095-2C415DDFBDF8}.Debug|Any CPU.Build.0 = Debug|Any CPU
		{B5BBD7DA-4001-4CB6-8095-2C415DDFBDF8}.Release|Any CPU.ActiveCfg = Release|Any CPU
		{B5BBD7DA-4001-4CB6-8095-2C415DDFBDF8}.Release|Any CPU.Build.0 = Release|Any CPU
		{541088C6-3B2A-482C-9612-05D8B60AA029}.Debug|Any CPU.ActiveCfg = Debug|Any CPU
		{541088C6-3B2A-482C-9612-05D8B60AA029}.Debug|Any CPU.Build.0 = Debug|Any CPU
		{541088C6-3B2A-482C-9612-05D8B60AA029}.Release|Any CPU.ActiveCfg = Release|Any CPU
		{541088C6-3B2A-482C-9612-05D8B60AA029}.Release|Any CPU.Build.0 = Release|Any CPU
		{3EF6EE65-EB56-4B97-A910-8B104B090E7D}.Debug|Any CPU.ActiveCfg = Debug|Any CPU
		{3EF6EE65-EB56-4B97-A910-8B104B090E7D}.Debug|Any CPU.Build.0 = Debug|Any CPU
		{3EF6EE65-EB56-4B97-A910-8B104B090E7D}.Release|Any CPU.ActiveCfg = Release|Any CPU
		{3EF6EE65-EB56-4B97-A910-8B104B090E7D}.Release|Any CPU.Build.0 = Release|Any CPU
		{BC090636-0229-4CD6-B672-DBF1DF463DBE}.Debug|Any CPU.ActiveCfg = Debug|Any CPU
		{BC090636-0229-4CD6-B672-DBF1DF463DBE}.Debug|Any CPU.Build.0 = Debug|Any CPU
		{BC090636-0229-4CD6-B672-DBF1DF463DBE}.Release|Any CPU.ActiveCfg = Release|Any CPU
		{BC090636-0229-4CD6-B672-DBF1DF463DBE}.Release|Any CPU.Build.0 = Release|Any CPU
		{C82F0A31-4082-409B-B076-76D56E48D2EC}.Debug|Any CPU.ActiveCfg = Debug|Any CPU
		{C82F0A31-4082-409B-B076-76D56E48D2EC}.Debug|Any CPU.Build.0 = Debug|Any CPU
		{C82F0A31-4082-409B-B076-76D56E48D2EC}.Release|Any CPU.ActiveCfg = Release|Any CPU
		{C82F0A31-4082-409B-B076-76D56E48D2EC}.Release|Any CPU.Build.0 = Release|Any CPU
		{5A46F670-E377-429D-93A1-16C3481D048B}.Debug|Any CPU.ActiveCfg = Debug|Any CPU
		{5A46F670-E377-429D-93A1-16C3481D048B}.Debug|Any CPU.Build.0 = Debug|Any CPU
		{5A46F670-E377-429D-93A1-16C3481D048B}.Release|Any CPU.ActiveCfg = Release|Any CPU
		{5A46F670-E377-429D-93A1-16C3481D048B}.Release|Any CPU.Build.0 = Release|Any CPU
		{2455BD5E-8B70-4662-B12C-B95C3896EF37}.Debug|Any CPU.ActiveCfg = Debug|Any CPU
		{2455BD5E-8B70-4662-B12C-B95C3896EF37}.Debug|Any CPU.Build.0 = Debug|Any CPU
		{2455BD5E-8B70-4662-B12C-B95C3896EF37}.Release|Any CPU.ActiveCfg = Release|Any CPU
		{2455BD5E-8B70-4662-B12C-B95C3896EF37}.Release|Any CPU.Build.0 = Release|Any CPU
		{B48C5681-F611-4AD1-8B5F-BF8A42A9A6AC}.Debug|Any CPU.ActiveCfg = Debug|Any CPU
		{B48C5681-F611-4AD1-8B5F-BF8A42A9A6AC}.Debug|Any CPU.Build.0 = Debug|Any CPU
		{B48C5681-F611-4AD1-8B5F-BF8A42A9A6AC}.Release|Any CPU.ActiveCfg = Release|Any CPU
		{B48C5681-F611-4AD1-8B5F-BF8A42A9A6AC}.Release|Any CPU.Build.0 = Release|Any CPU
		{53AAF801-5B06-481B-B31D-0636F41D2744}.Debug|Any CPU.ActiveCfg = Debug|Any CPU
		{53AAF801-5B06-481B-B31D-0636F41D2744}.Debug|Any CPU.Build.0 = Debug|Any CPU
		{53AAF801-5B06-481B-B31D-0636F41D2744}.Release|Any CPU.ActiveCfg = Release|Any CPU
		{53AAF801-5B06-481B-B31D-0636F41D2744}.Release|Any CPU.Build.0 = Release|Any CPU
		{A97A743A-06E3-447B-8C00-DA306439989F}.Debug|Any CPU.ActiveCfg = Debug|Any CPU
		{A97A743A-06E3-447B-8C00-DA306439989F}.Debug|Any CPU.Build.0 = Debug|Any CPU
		{A97A743A-06E3-447B-8C00-DA306439989F}.Release|Any CPU.ActiveCfg = Release|Any CPU
		{A97A743A-06E3-447B-8C00-DA306439989F}.Release|Any CPU.Build.0 = Release|Any CPU
		{617708A0-A599-45E7-9F96-B3A26A41F213}.Debug|Any CPU.ActiveCfg = Debug|Any CPU
		{617708A0-A599-45E7-9F96-B3A26A41F213}.Debug|Any CPU.Build.0 = Debug|Any CPU
		{617708A0-A599-45E7-9F96-B3A26A41F213}.Release|Any CPU.ActiveCfg = Release|Any CPU
		{617708A0-A599-45E7-9F96-B3A26A41F213}.Release|Any CPU.Build.0 = Release|Any CPU
		{6C004D31-BAB7-4EC1-98B0-D569A06CA41D}.Debug|Any CPU.ActiveCfg = Debug|Any CPU
		{6C004D31-BAB7-4EC1-98B0-D569A06CA41D}.Debug|Any CPU.Build.0 = Debug|Any CPU
		{6C004D31-BAB7-4EC1-98B0-D569A06CA41D}.Release|Any CPU.ActiveCfg = Release|Any CPU
		{6C004D31-BAB7-4EC1-98B0-D569A06CA41D}.Release|Any CPU.Build.0 = Release|Any CPU
		{295F71D1-C302-405A-A974-443FA72076B1}.Debug|Any CPU.ActiveCfg = Debug|Any CPU
		{295F71D1-C302-405A-A974-443FA72076B1}.Debug|Any CPU.Build.0 = Debug|Any CPU
		{295F71D1-C302-405A-A974-443FA72076B1}.Release|Any CPU.ActiveCfg = Release|Any CPU
		{295F71D1-C302-405A-A974-443FA72076B1}.Release|Any CPU.Build.0 = Release|Any CPU
		{E320160C-FE50-48EF-A261-31A59F431055}.Debug|Any CPU.ActiveCfg = Debug|Any CPU
		{E320160C-FE50-48EF-A261-31A59F431055}.Debug|Any CPU.Build.0 = Debug|Any CPU
		{E320160C-FE50-48EF-A261-31A59F431055}.Release|Any CPU.ActiveCfg = Release|Any CPU
		{E320160C-FE50-48EF-A261-31A59F431055}.Release|Any CPU.Build.0 = Release|Any CPU
		{A5A12103-590A-4E3E-A31A-DB2794F12668}.Debug|Any CPU.ActiveCfg = Debug|Any CPU
		{A5A12103-590A-4E3E-A31A-DB2794F12668}.Debug|Any CPU.Build.0 = Debug|Any CPU
		{A5A12103-590A-4E3E-A31A-DB2794F12668}.Release|Any CPU.ActiveCfg = Release|Any CPU
		{A5A12103-590A-4E3E-A31A-DB2794F12668}.Release|Any CPU.Build.0 = Release|Any CPU
		{F7FA92EE-06DB-483C-87BD-101D79E68310}.Debug|Any CPU.ActiveCfg = Debug|Any CPU
		{F7FA92EE-06DB-483C-87BD-101D79E68310}.Debug|Any CPU.Build.0 = Debug|Any CPU
		{F7FA92EE-06DB-483C-87BD-101D79E68310}.Release|Any CPU.ActiveCfg = Release|Any CPU
		{F7FA92EE-06DB-483C-87BD-101D79E68310}.Release|Any CPU.Build.0 = Release|Any CPU
		{289DBB6A-7867-46E8-8A30-78717BEA494D}.Debug|Any CPU.ActiveCfg = Debug|Any CPU
		{289DBB6A-7867-46E8-8A30-78717BEA494D}.Debug|Any CPU.Build.0 = Debug|Any CPU
		{289DBB6A-7867-46E8-8A30-78717BEA494D}.Release|Any CPU.ActiveCfg = Release|Any CPU
		{289DBB6A-7867-46E8-8A30-78717BEA494D}.Release|Any CPU.Build.0 = Release|Any CPU
		{BF4CE936-DE24-4B84-B9E0-1ACA149FAA1B}.Debug|Any CPU.ActiveCfg = Debug|Any CPU
		{BF4CE936-DE24-4B84-B9E0-1ACA149FAA1B}.Debug|Any CPU.Build.0 = Debug|Any CPU
		{BF4CE936-DE24-4B84-B9E0-1ACA149FAA1B}.Release|Any CPU.ActiveCfg = Release|Any CPU
		{BF4CE936-DE24-4B84-B9E0-1ACA149FAA1B}.Release|Any CPU.Build.0 = Release|Any CPU
		{2B84FBE1-4AC5-4F1E-B7EB-7A1D3398A722}.Debug|Any CPU.ActiveCfg = Debug|Any CPU
		{2B84FBE1-4AC5-4F1E-B7EB-7A1D3398A722}.Debug|Any CPU.Build.0 = Debug|Any CPU
		{2B84FBE1-4AC5-4F1E-B7EB-7A1D3398A722}.Release|Any CPU.ActiveCfg = Release|Any CPU
		{2B84FBE1-4AC5-4F1E-B7EB-7A1D3398A722}.Release|Any CPU.Build.0 = Release|Any CPU
		{0CDBB5B8-DC4F-4B8F-8FF1-6CB65A069CDC}.Debug|Any CPU.ActiveCfg = Debug|Any CPU
		{0CDBB5B8-DC4F-4B8F-8FF1-6CB65A069CDC}.Debug|Any CPU.Build.0 = Debug|Any CPU
		{0CDBB5B8-DC4F-4B8F-8FF1-6CB65A069CDC}.Release|Any CPU.ActiveCfg = Release|Any CPU
		{0CDBB5B8-DC4F-4B8F-8FF1-6CB65A069CDC}.Release|Any CPU.Build.0 = Release|Any CPU
		{1069861A-F097-4F35-BB78-0E21EE8413B6}.Debug|Any CPU.ActiveCfg = Debug|Any CPU
		{1069861A-F097-4F35-BB78-0E21EE8413B6}.Debug|Any CPU.Build.0 = Debug|Any CPU
		{1069861A-F097-4F35-BB78-0E21EE8413B6}.Release|Any CPU.ActiveCfg = Release|Any CPU
		{1069861A-F097-4F35-BB78-0E21EE8413B6}.Release|Any CPU.Build.0 = Release|Any CPU
		{E901B477-2468-4258-9AFE-7C97EB2C77FA}.Debug|Any CPU.ActiveCfg = Debug|Any CPU
		{E901B477-2468-4258-9AFE-7C97EB2C77FA}.Debug|Any CPU.Build.0 = Debug|Any CPU
		{E901B477-2468-4258-9AFE-7C97EB2C77FA}.Release|Any CPU.ActiveCfg = Release|Any CPU
		{E901B477-2468-4258-9AFE-7C97EB2C77FA}.Release|Any CPU.Build.0 = Release|Any CPU
		{C2D48EE4-59FA-4B03-A79C-539B615B50C5}.Debug|Any CPU.ActiveCfg = Debug|Any CPU
		{C2D48EE4-59FA-4B03-A79C-539B615B50C5}.Debug|Any CPU.Build.0 = Debug|Any CPU
		{C2D48EE4-59FA-4B03-A79C-539B615B50C5}.Release|Any CPU.ActiveCfg = Release|Any CPU
		{C2D48EE4-59FA-4B03-A79C-539B615B50C5}.Release|Any CPU.Build.0 = Release|Any CPU
		{E6DEBA72-4B38-404B-A300-C49B859BC594}.Debug|Any CPU.ActiveCfg = Debug|Any CPU
		{E6DEBA72-4B38-404B-A300-C49B859BC594}.Debug|Any CPU.Build.0 = Debug|Any CPU
		{E6DEBA72-4B38-404B-A300-C49B859BC594}.Release|Any CPU.ActiveCfg = Release|Any CPU
		{E6DEBA72-4B38-404B-A300-C49B859BC594}.Release|Any CPU.Build.0 = Release|Any CPU
		{C6383914-EC69-415A-B921-561975805090}.Debug|Any CPU.ActiveCfg = Debug|Any CPU
		{C6383914-EC69-415A-B921-561975805090}.Debug|Any CPU.Build.0 = Debug|Any CPU
		{C6383914-EC69-415A-B921-561975805090}.Release|Any CPU.ActiveCfg = Release|Any CPU
		{C6383914-EC69-415A-B921-561975805090}.Release|Any CPU.Build.0 = Release|Any CPU
		{6B3C8890-6004-4411-8276-1D5582FB0761}.Debug|Any CPU.ActiveCfg = Debug|Any CPU
		{6B3C8890-6004-4411-8276-1D5582FB0761}.Debug|Any CPU.Build.0 = Debug|Any CPU
		{6B3C8890-6004-4411-8276-1D5582FB0761}.Release|Any CPU.ActiveCfg = Release|Any CPU
		{6B3C8890-6004-4411-8276-1D5582FB0761}.Release|Any CPU.Build.0 = Release|Any CPU
		{24940C38-AFF1-4829-A144-992F13AB0EB5}.Debug|Any CPU.ActiveCfg = Debug|Any CPU
		{24940C38-AFF1-4829-A144-992F13AB0EB5}.Debug|Any CPU.Build.0 = Debug|Any CPU
		{24940C38-AFF1-4829-A144-992F13AB0EB5}.Release|Any CPU.ActiveCfg = Release|Any CPU
		{24940C38-AFF1-4829-A144-992F13AB0EB5}.Release|Any CPU.Build.0 = Release|Any CPU
		{E2D2A81B-43DA-4CC2-AF00-3BA9329D6EE0}.Debug|Any CPU.ActiveCfg = Debug|Any CPU
		{E2D2A81B-43DA-4CC2-AF00-3BA9329D6EE0}.Debug|Any CPU.Build.0 = Debug|Any CPU
		{E2D2A81B-43DA-4CC2-AF00-3BA9329D6EE0}.Release|Any CPU.ActiveCfg = Release|Any CPU
		{E2D2A81B-43DA-4CC2-AF00-3BA9329D6EE0}.Release|Any CPU.Build.0 = Release|Any CPU
		{E77F47F3-5A18-435D-BD10-BDAF12F3F735}.Debug|Any CPU.ActiveCfg = Debug|Any CPU
		{E77F47F3-5A18-435D-BD10-BDAF12F3F735}.Debug|Any CPU.Build.0 = Debug|Any CPU
		{E77F47F3-5A18-435D-BD10-BDAF12F3F735}.Release|Any CPU.ActiveCfg = Release|Any CPU
		{E77F47F3-5A18-435D-BD10-BDAF12F3F735}.Release|Any CPU.Build.0 = Release|Any CPU
		{74062EF2-59E4-4D22-A09F-DD6BF5DD2D86}.Debug|Any CPU.ActiveCfg = Debug|Any CPU
		{74062EF2-59E4-4D22-A09F-DD6BF5DD2D86}.Debug|Any CPU.Build.0 = Debug|Any CPU
		{74062EF2-59E4-4D22-A09F-DD6BF5DD2D86}.Release|Any CPU.ActiveCfg = Release|Any CPU
		{74062EF2-59E4-4D22-A09F-DD6BF5DD2D86}.Release|Any CPU.Build.0 = Release|Any CPU
		{3B646D6F-36E6-4CC7-9CC0-A315F56F7473}.Debug|Any CPU.ActiveCfg = Debug|Any CPU
		{3B646D6F-36E6-4CC7-9CC0-A315F56F7473}.Debug|Any CPU.Build.0 = Debug|Any CPU
		{3B646D6F-36E6-4CC7-9CC0-A315F56F7473}.Release|Any CPU.ActiveCfg = Release|Any CPU
		{3B646D6F-36E6-4CC7-9CC0-A315F56F7473}.Release|Any CPU.Build.0 = Release|Any CPU
		{1385903F-8D3C-4B01-8913-3B2E8C2EAAB9}.Debug|Any CPU.ActiveCfg = Debug|Any CPU
		{1385903F-8D3C-4B01-8913-3B2E8C2EAAB9}.Debug|Any CPU.Build.0 = Debug|Any CPU
		{1385903F-8D3C-4B01-8913-3B2E8C2EAAB9}.Release|Any CPU.ActiveCfg = Release|Any CPU
		{1385903F-8D3C-4B01-8913-3B2E8C2EAAB9}.Release|Any CPU.Build.0 = Release|Any CPU
		{38A25FB3-D0AB-4D9E-9038-D52273DE4FBF}.Debug|Any CPU.ActiveCfg = Debug|Any CPU
		{38A25FB3-D0AB-4D9E-9038-D52273DE4FBF}.Debug|Any CPU.Build.0 = Debug|Any CPU
		{38A25FB3-D0AB-4D9E-9038-D52273DE4FBF}.Release|Any CPU.ActiveCfg = Release|Any CPU
		{38A25FB3-D0AB-4D9E-9038-D52273DE4FBF}.Release|Any CPU.Build.0 = Release|Any CPU
		{7CC8998C-09EB-414F-B1E0-1E365393E4A4}.Debug|Any CPU.ActiveCfg = Debug|Any CPU
		{7CC8998C-09EB-414F-B1E0-1E365393E4A4}.Debug|Any CPU.Build.0 = Debug|Any CPU
		{7CC8998C-09EB-414F-B1E0-1E365393E4A4}.Release|Any CPU.ActiveCfg = Release|Any CPU
		{7CC8998C-09EB-414F-B1E0-1E365393E4A4}.Release|Any CPU.Build.0 = Release|Any CPU
		{074E47E5-FFB8-4F66-8211-507D6634E1E1}.Debug|Any CPU.ActiveCfg = Debug|Any CPU
		{074E47E5-FFB8-4F66-8211-507D6634E1E1}.Debug|Any CPU.Build.0 = Debug|Any CPU
		{074E47E5-FFB8-4F66-8211-507D6634E1E1}.Release|Any CPU.ActiveCfg = Release|Any CPU
		{074E47E5-FFB8-4F66-8211-507D6634E1E1}.Release|Any CPU.Build.0 = Release|Any CPU
		{60B6A611-DB08-4DB3-AE8A-ED842D94B47A}.Debug|Any CPU.ActiveCfg = Debug|Any CPU
		{60B6A611-DB08-4DB3-AE8A-ED842D94B47A}.Debug|Any CPU.Build.0 = Debug|Any CPU
		{60B6A611-DB08-4DB3-AE8A-ED842D94B47A}.Release|Any CPU.ActiveCfg = Release|Any CPU
		{60B6A611-DB08-4DB3-AE8A-ED842D94B47A}.Release|Any CPU.Build.0 = Release|Any CPU
		{3DE9AC2B-4050-46F5-AB19-388B73485A39}.Debug|Any CPU.ActiveCfg = Debug|Any CPU
		{3DE9AC2B-4050-46F5-AB19-388B73485A39}.Debug|Any CPU.Build.0 = Debug|Any CPU
		{3DE9AC2B-4050-46F5-AB19-388B73485A39}.Release|Any CPU.ActiveCfg = Release|Any CPU
		{3DE9AC2B-4050-46F5-AB19-388B73485A39}.Release|Any CPU.Build.0 = Release|Any CPU
		{0AB9DF3A-BD14-41DA-91F6-2546EAAC3A4A}.Debug|Any CPU.ActiveCfg = Debug|Any CPU
		{0AB9DF3A-BD14-41DA-91F6-2546EAAC3A4A}.Debug|Any CPU.Build.0 = Debug|Any CPU
		{0AB9DF3A-BD14-41DA-91F6-2546EAAC3A4A}.Release|Any CPU.ActiveCfg = Release|Any CPU
		{0AB9DF3A-BD14-41DA-91F6-2546EAAC3A4A}.Release|Any CPU.Build.0 = Release|Any CPU
		{2E11C890-F22F-40F6-9B21-A47DFF9B44CF}.Debug|Any CPU.ActiveCfg = Debug|Any CPU
		{2E11C890-F22F-40F6-9B21-A47DFF9B44CF}.Debug|Any CPU.Build.0 = Debug|Any CPU
		{2E11C890-F22F-40F6-9B21-A47DFF9B44CF}.Release|Any CPU.ActiveCfg = Release|Any CPU
		{2E11C890-F22F-40F6-9B21-A47DFF9B44CF}.Release|Any CPU.Build.0 = Release|Any CPU
		{A2C46278-C89C-4EF1-A839-CD261E0591F1}.Debug|Any CPU.ActiveCfg = Debug|Any CPU
		{A2C46278-C89C-4EF1-A839-CD261E0591F1}.Debug|Any CPU.Build.0 = Debug|Any CPU
		{A2C46278-C89C-4EF1-A839-CD261E0591F1}.Release|Any CPU.ActiveCfg = Release|Any CPU
		{A2C46278-C89C-4EF1-A839-CD261E0591F1}.Release|Any CPU.Build.0 = Release|Any CPU
		{4A8449BF-089A-42A3-880F-B2E59D392971}.Debug|Any CPU.ActiveCfg = Debug|Any CPU
		{4A8449BF-089A-42A3-880F-B2E59D392971}.Debug|Any CPU.Build.0 = Debug|Any CPU
		{4A8449BF-089A-42A3-880F-B2E59D392971}.Release|Any CPU.ActiveCfg = Release|Any CPU
		{4A8449BF-089A-42A3-880F-B2E59D392971}.Release|Any CPU.Build.0 = Release|Any CPU
		{3EC982AA-28F8-4026-B8AF-C36AD28EDFAF}.Debug|Any CPU.ActiveCfg = Debug|Any CPU
		{3EC982AA-28F8-4026-B8AF-C36AD28EDFAF}.Debug|Any CPU.Build.0 = Debug|Any CPU
		{3EC982AA-28F8-4026-B8AF-C36AD28EDFAF}.Release|Any CPU.ActiveCfg = Release|Any CPU
		{3EC982AA-28F8-4026-B8AF-C36AD28EDFAF}.Release|Any CPU.Build.0 = Release|Any CPU
		{704713BE-9839-459D-A1B5-64692501D611}.Debug|Any CPU.ActiveCfg = Debug|Any CPU
		{704713BE-9839-459D-A1B5-64692501D611}.Debug|Any CPU.Build.0 = Debug|Any CPU
		{704713BE-9839-459D-A1B5-64692501D611}.Release|Any CPU.ActiveCfg = Release|Any CPU
		{704713BE-9839-459D-A1B5-64692501D611}.Release|Any CPU.Build.0 = Release|Any CPU
		{DE446EBD-720D-4EE3-8880-69222700AA0F}.Debug|Any CPU.ActiveCfg = Debug|Any CPU
		{DE446EBD-720D-4EE3-8880-69222700AA0F}.Debug|Any CPU.Build.0 = Debug|Any CPU
		{DE446EBD-720D-4EE3-8880-69222700AA0F}.Release|Any CPU.ActiveCfg = Release|Any CPU
		{DE446EBD-720D-4EE3-8880-69222700AA0F}.Release|Any CPU.Build.0 = Release|Any CPU
		{43863479-BF80-430A-8953-38A4A37DCE73}.Debug|Any CPU.ActiveCfg = Debug|Any CPU
		{43863479-BF80-430A-8953-38A4A37DCE73}.Debug|Any CPU.Build.0 = Debug|Any CPU
		{43863479-BF80-430A-8953-38A4A37DCE73}.Release|Any CPU.ActiveCfg = Release|Any CPU
		{43863479-BF80-430A-8953-38A4A37DCE73}.Release|Any CPU.Build.0 = Release|Any CPU
		{5AC90930-6236-4EA6-A547-9F0C50EF0496}.Debug|Any CPU.ActiveCfg = Debug|Any CPU
		{5AC90930-6236-4EA6-A547-9F0C50EF0496}.Debug|Any CPU.Build.0 = Debug|Any CPU
		{5AC90930-6236-4EA6-A547-9F0C50EF0496}.Release|Any CPU.ActiveCfg = Release|Any CPU
		{5AC90930-6236-4EA6-A547-9F0C50EF0496}.Release|Any CPU.Build.0 = Release|Any CPU
		{7122B50C-9B96-4C27-8B83-44B36ED05FDA}.Debug|Any CPU.ActiveCfg = Debug|Any CPU
		{7122B50C-9B96-4C27-8B83-44B36ED05FDA}.Debug|Any CPU.Build.0 = Debug|Any CPU
		{7122B50C-9B96-4C27-8B83-44B36ED05FDA}.Release|Any CPU.ActiveCfg = Release|Any CPU
		{7122B50C-9B96-4C27-8B83-44B36ED05FDA}.Release|Any CPU.Build.0 = Release|Any CPU
		{654CFF42-F319-4848-AC98-9E2ABD6F6FBB}.Debug|Any CPU.ActiveCfg = Debug|Any CPU
		{654CFF42-F319-4848-AC98-9E2ABD6F6FBB}.Debug|Any CPU.Build.0 = Debug|Any CPU
		{654CFF42-F319-4848-AC98-9E2ABD6F6FBB}.Release|Any CPU.ActiveCfg = Release|Any CPU
		{654CFF42-F319-4848-AC98-9E2ABD6F6FBB}.Release|Any CPU.Build.0 = Release|Any CPU
		{236AB056-1215-482B-80DC-9EB415FF0164}.Debug|Any CPU.ActiveCfg = Debug|Any CPU
		{236AB056-1215-482B-80DC-9EB415FF0164}.Debug|Any CPU.Build.0 = Debug|Any CPU
		{236AB056-1215-482B-80DC-9EB415FF0164}.Release|Any CPU.ActiveCfg = Release|Any CPU
		{236AB056-1215-482B-80DC-9EB415FF0164}.Release|Any CPU.Build.0 = Release|Any CPU
		{4776A466-9C20-4FFA-815A-81A4D9FC0AF6}.Debug|Any CPU.ActiveCfg = Debug|Any CPU
		{4776A466-9C20-4FFA-815A-81A4D9FC0AF6}.Debug|Any CPU.Build.0 = Debug|Any CPU
		{4776A466-9C20-4FFA-815A-81A4D9FC0AF6}.Release|Any CPU.ActiveCfg = Release|Any CPU
		{4776A466-9C20-4FFA-815A-81A4D9FC0AF6}.Release|Any CPU.Build.0 = Release|Any CPU
		{AB4D57B7-0AD6-4773-96D6-12E275C32468}.Debug|Any CPU.ActiveCfg = Debug|Any CPU
		{AB4D57B7-0AD6-4773-96D6-12E275C32468}.Debug|Any CPU.Build.0 = Debug|Any CPU
		{AB4D57B7-0AD6-4773-96D6-12E275C32468}.Release|Any CPU.ActiveCfg = Release|Any CPU
		{AB4D57B7-0AD6-4773-96D6-12E275C32468}.Release|Any CPU.Build.0 = Release|Any CPU
		{138FBB44-6BC7-4AF9-B8D6-0FBEB791980D}.Debug|Any CPU.ActiveCfg = Debug|Any CPU
		{138FBB44-6BC7-4AF9-B8D6-0FBEB791980D}.Debug|Any CPU.Build.0 = Debug|Any CPU
		{138FBB44-6BC7-4AF9-B8D6-0FBEB791980D}.Release|Any CPU.ActiveCfg = Release|Any CPU
		{138FBB44-6BC7-4AF9-B8D6-0FBEB791980D}.Release|Any CPU.Build.0 = Release|Any CPU
		{4BC7323A-DF43-436A-9BA9-A44469119D0B}.Debug|Any CPU.ActiveCfg = Debug|Any CPU
		{4BC7323A-DF43-436A-9BA9-A44469119D0B}.Debug|Any CPU.Build.0 = Debug|Any CPU
		{4BC7323A-DF43-436A-9BA9-A44469119D0B}.Release|Any CPU.ActiveCfg = Release|Any CPU
		{4BC7323A-DF43-436A-9BA9-A44469119D0B}.Release|Any CPU.Build.0 = Release|Any CPU
		{705D0BAD-210C-4E89-9727-BCC1DF73E543}.Debug|Any CPU.ActiveCfg = Debug|Any CPU
		{705D0BAD-210C-4E89-9727-BCC1DF73E543}.Debug|Any CPU.Build.0 = Debug|Any CPU
		{705D0BAD-210C-4E89-9727-BCC1DF73E543}.Release|Any CPU.ActiveCfg = Release|Any CPU
		{705D0BAD-210C-4E89-9727-BCC1DF73E543}.Release|Any CPU.Build.0 = Release|Any CPU
		{A98AE153-9582-4B86-9700-FB357091E9F9}.Debug|Any CPU.ActiveCfg = Debug|Any CPU
		{A98AE153-9582-4B86-9700-FB357091E9F9}.Debug|Any CPU.Build.0 = Debug|Any CPU
		{A98AE153-9582-4B86-9700-FB357091E9F9}.Release|Any CPU.ActiveCfg = Release|Any CPU
		{A98AE153-9582-4B86-9700-FB357091E9F9}.Release|Any CPU.Build.0 = Release|Any CPU
		{9F61B2A2-AD2B-4225-A4CD-080FCABB7F65}.Debug|Any CPU.ActiveCfg = Debug|Any CPU
		{9F61B2A2-AD2B-4225-A4CD-080FCABB7F65}.Debug|Any CPU.Build.0 = Debug|Any CPU
		{9F61B2A2-AD2B-4225-A4CD-080FCABB7F65}.Release|Any CPU.ActiveCfg = Release|Any CPU
		{9F61B2A2-AD2B-4225-A4CD-080FCABB7F65}.Release|Any CPU.Build.0 = Release|Any CPU
		{F720E3FF-0104-474A-BAB9-7D2116571BFF}.Debug|Any CPU.ActiveCfg = Debug|Any CPU
		{F720E3FF-0104-474A-BAB9-7D2116571BFF}.Debug|Any CPU.Build.0 = Debug|Any CPU
		{F720E3FF-0104-474A-BAB9-7D2116571BFF}.Release|Any CPU.ActiveCfg = Release|Any CPU
		{F720E3FF-0104-474A-BAB9-7D2116571BFF}.Release|Any CPU.Build.0 = Release|Any CPU
		{9FB1029A-7DE0-4A6E-A051-4E8BDA13ED25}.Debug|Any CPU.ActiveCfg = Debug|Any CPU
		{9FB1029A-7DE0-4A6E-A051-4E8BDA13ED25}.Debug|Any CPU.Build.0 = Debug|Any CPU
		{9FB1029A-7DE0-4A6E-A051-4E8BDA13ED25}.Release|Any CPU.ActiveCfg = Release|Any CPU
		{9FB1029A-7DE0-4A6E-A051-4E8BDA13ED25}.Release|Any CPU.Build.0 = Release|Any CPU
		{8BA1B9EC-0C6A-4C4B-B87E-089287C626CF}.Debug|Any CPU.ActiveCfg = Debug|Any CPU
		{8BA1B9EC-0C6A-4C4B-B87E-089287C626CF}.Debug|Any CPU.Build.0 = Debug|Any CPU
		{8BA1B9EC-0C6A-4C4B-B87E-089287C626CF}.Release|Any CPU.ActiveCfg = Release|Any CPU
		{8BA1B9EC-0C6A-4C4B-B87E-089287C626CF}.Release|Any CPU.Build.0 = Release|Any CPU
		{EDFA7EB2-8EAB-469B-9AAB-CE1E802D6F50}.Debug|Any CPU.ActiveCfg = Debug|Any CPU
		{EDFA7EB2-8EAB-469B-9AAB-CE1E802D6F50}.Debug|Any CPU.Build.0 = Debug|Any CPU
		{EDFA7EB2-8EAB-469B-9AAB-CE1E802D6F50}.Release|Any CPU.ActiveCfg = Release|Any CPU
		{EDFA7EB2-8EAB-469B-9AAB-CE1E802D6F50}.Release|Any CPU.Build.0 = Release|Any CPU
		{A8471127-FD88-4FED-9849-82626F3E040A}.Debug|Any CPU.ActiveCfg = Debug|Any CPU
		{A8471127-FD88-4FED-9849-82626F3E040A}.Debug|Any CPU.Build.0 = Debug|Any CPU
		{A8471127-FD88-4FED-9849-82626F3E040A}.Release|Any CPU.ActiveCfg = Release|Any CPU
		{A8471127-FD88-4FED-9849-82626F3E040A}.Release|Any CPU.Build.0 = Release|Any CPU
		{9F7C043F-064B-4ED7-A307-ED8BF0B34643}.Debug|Any CPU.ActiveCfg = Debug|Any CPU
		{9F7C043F-064B-4ED7-A307-ED8BF0B34643}.Debug|Any CPU.Build.0 = Debug|Any CPU
		{9F7C043F-064B-4ED7-A307-ED8BF0B34643}.Release|Any CPU.ActiveCfg = Release|Any CPU
		{9F7C043F-064B-4ED7-A307-ED8BF0B34643}.Release|Any CPU.Build.0 = Release|Any CPU
		{8039B8EB-45CF-4C88-A20E-67818311330A}.Debug|Any CPU.ActiveCfg = Debug|Any CPU
		{8039B8EB-45CF-4C88-A20E-67818311330A}.Debug|Any CPU.Build.0 = Debug|Any CPU
		{8039B8EB-45CF-4C88-A20E-67818311330A}.Release|Any CPU.ActiveCfg = Release|Any CPU
		{8039B8EB-45CF-4C88-A20E-67818311330A}.Release|Any CPU.Build.0 = Release|Any CPU
		{CD4ADE6A-E3F6-4F07-9CF8-DA4ECB6F86E1}.Debug|Any CPU.ActiveCfg = Debug|Any CPU
		{CD4ADE6A-E3F6-4F07-9CF8-DA4ECB6F86E1}.Debug|Any CPU.Build.0 = Debug|Any CPU
		{CD4ADE6A-E3F6-4F07-9CF8-DA4ECB6F86E1}.Release|Any CPU.ActiveCfg = Release|Any CPU
		{CD4ADE6A-E3F6-4F07-9CF8-DA4ECB6F86E1}.Release|Any CPU.Build.0 = Release|Any CPU
		{A46DB764-42BC-46A5-B9E2-D1218CFD0DCC}.Debug|Any CPU.ActiveCfg = Debug|Any CPU
		{A46DB764-42BC-46A5-B9E2-D1218CFD0DCC}.Debug|Any CPU.Build.0 = Debug|Any CPU
		{A46DB764-42BC-46A5-B9E2-D1218CFD0DCC}.Release|Any CPU.ActiveCfg = Release|Any CPU
		{A46DB764-42BC-46A5-B9E2-D1218CFD0DCC}.Release|Any CPU.Build.0 = Release|Any CPU
		{F21D88AF-36A1-4A23-AF83-35C05CEF21B6}.Debug|Any CPU.ActiveCfg = Debug|Any CPU
		{F21D88AF-36A1-4A23-AF83-35C05CEF21B6}.Debug|Any CPU.Build.0 = Debug|Any CPU
		{F21D88AF-36A1-4A23-AF83-35C05CEF21B6}.Release|Any CPU.ActiveCfg = Release|Any CPU
		{F21D88AF-36A1-4A23-AF83-35C05CEF21B6}.Release|Any CPU.Build.0 = Release|Any CPU
		{E17667F9-65AB-46D8-9CE9-ECC67B58A554}.Debug|Any CPU.ActiveCfg = Debug|Any CPU
		{E17667F9-65AB-46D8-9CE9-ECC67B58A554}.Debug|Any CPU.Build.0 = Debug|Any CPU
		{E17667F9-65AB-46D8-9CE9-ECC67B58A554}.Release|Any CPU.ActiveCfg = Release|Any CPU
		{E17667F9-65AB-46D8-9CE9-ECC67B58A554}.Release|Any CPU.Build.0 = Release|Any CPU
		{8E187C5B-8C3D-4802-8B33-14EB6499C035}.Debug|Any CPU.ActiveCfg = Debug|Any CPU
		{8E187C5B-8C3D-4802-8B33-14EB6499C035}.Debug|Any CPU.Build.0 = Debug|Any CPU
		{8E187C5B-8C3D-4802-8B33-14EB6499C035}.Release|Any CPU.ActiveCfg = Release|Any CPU
		{8E187C5B-8C3D-4802-8B33-14EB6499C035}.Release|Any CPU.Build.0 = Release|Any CPU
	EndGlobalSection
	GlobalSection(SolutionProperties) = preSolution
		HideSolutionNode = FALSE
	EndGlobalSection
	GlobalSection(ExtensibilityGlobals) = postSolution
		SolutionGuid = {DDF7731D-6EC1-4500-9C54-05EC8A7EA831}
	EndGlobalSection
EndGlobal
